
Microsoft Visual Studio Solution File, Format Version 12.00
# Visual Studio 15
VisualStudioVersion = 15.0.27004.2006
MinimumVisualStudioVersion = 10.0.40219.1
Project("{F2A71F9B-5D33-465A-A702-920D77279786}") = "WordManager.Neo4JConnector", "WordManager.Neo4JConnector\WordManager.Neo4JConnector.fsproj", "{250FC564-8EE3-4D71-841F-FAE9D14F9177}"
EndProject
Project("{F2A71F9B-5D33-465A-A702-920D77279786}") = "WordManager.Test", "WordManager.Test\WordManager.Test.fsproj", "{86B085A1-3B04-421C-A603-7B769EB865E0}"
EndProject
Project("{F2A71F9B-5D33-465A-A702-920D77279786}") = "WordManager.Tagger", "WordManager.Tagger\WordManager.Tagger.fsproj", "{85C58EAF-6351-44C5-8A10-FB4D74F04169}"
EndProject
Project("{2150E333-8FDC-42A3-9474-1A3956D46DE8}") = "Tests", "Tests", "{4AE1EB03-A238-4FDA-BC54-C1100C830B1C}"
EndProject
Project("{F2A71F9B-5D33-465A-A702-920D77279786}") = "WordManager.Framework", "WordManager.Framework\WordManager.Framework.fsproj", "{FF3EA96D-B19D-4297-97EA-1968F55B358F}"
EndProject
Project("{F2A71F9B-5D33-465A-A702-920D77279786}") = "WordManager.Common", "WordManager.Common\WordManager.Common.fsproj", "{4198E7E4-8634-4922-9978-BA9FE57EAB93}"
EndProject
Global
	GlobalSection(SolutionConfigurationPlatforms) = preSolution
		Debug|Any CPU = Debug|Any CPU
		Release|Any CPU = Release|Any CPU
	EndGlobalSection
	GlobalSection(ProjectConfigurationPlatforms) = postSolution
		{250FC564-8EE3-4D71-841F-FAE9D14F9177}.Debug|Any CPU.ActiveCfg = Debug|Any CPU
		{250FC564-8EE3-4D71-841F-FAE9D14F9177}.Debug|Any CPU.Build.0 = Debug|Any CPU
		{250FC564-8EE3-4D71-841F-FAE9D14F9177}.Release|Any CPU.ActiveCfg = Release|Any CPU
		{250FC564-8EE3-4D71-841F-FAE9D14F9177}.Release|Any CPU.Build.0 = Release|Any CPU
		{86B085A1-3B04-421C-A603-7B769EB865E0}.Debug|Any CPU.ActiveCfg = Debug|Any CPU
		{86B085A1-3B04-421C-A603-7B769EB865E0}.Debug|Any CPU.Build.0 = Debug|Any CPU
		{86B085A1-3B04-421C-A603-7B769EB865E0}.Release|Any CPU.ActiveCfg = Release|Any CPU
		{86B085A1-3B04-421C-A603-7B769EB865E0}.Release|Any CPU.Build.0 = Release|Any CPU
		{85C58EAF-6351-44C5-8A10-FB4D74F04169}.Debug|Any CPU.ActiveCfg = Debug|Any CPU
		{85C58EAF-6351-44C5-8A10-FB4D74F04169}.Debug|Any CPU.Build.0 = Debug|Any CPU
		{85C58EAF-6351-44C5-8A10-FB4D74F04169}.Release|Any CPU.ActiveCfg = Release|Any CPU
		{85C58EAF-6351-44C5-8A10-FB4D74F04169}.Release|Any CPU.Build.0 = Release|Any CPU
		{FF3EA96D-B19D-4297-97EA-1968F55B358F}.Debug|Any CPU.ActiveCfg = Debug|Any CPU
		{FF3EA96D-B19D-4297-97EA-1968F55B358F}.Debug|Any CPU.Build.0 = Debug|Any CPU
		{FF3EA96D-B19D-4297-97EA-1968F55B358F}.Release|Any CPU.ActiveCfg = Release|Any CPU
		{FF3EA96D-B19D-4297-97EA-1968F55B358F}.Release|Any CPU.Build.0 = Release|Any CPU
		{4198E7E4-8634-4922-9978-BA9FE57EAB93}.Debug|Any CPU.ActiveCfg = Debug|Any CPU
		{4198E7E4-8634-4922-9978-BA9FE57EAB93}.Debug|Any CPU.Build.0 = Debug|Any CPU
		{4198E7E4-8634-4922-9978-BA9FE57EAB93}.Release|Any CPU.ActiveCfg = Release|Any CPU
		{4198E7E4-8634-4922-9978-BA9FE57EAB93}.Release|Any CPU.Build.0 = Release|Any CPU
	EndGlobalSection
	GlobalSection(SolutionProperties) = preSolution
		HideSolutionNode = FALSE
	EndGlobalSection
	GlobalSection(NestedProjects) = preSolution
		{86B085A1-3B04-421C-A603-7B769EB865E0} = {4AE1EB03-A238-4FDA-BC54-C1100C830B1C}
	EndGlobalSection
	GlobalSection(ExtensibilityGlobals) = postSolution
		SolutionGuid = {D8A8AF30-D9F4-4E34-98DF-B3369F5166FF}
	EndGlobalSection
EndGlobal
